
Microsoft Visual Studio Solution File, Format Version 12.00
# Visual Studio 14
VisualStudioVersion = 14.0.25123.0
MinimumVisualStudioVersion = 10.0.40219.1
Project("{FAE04EC0-301F-11D3-BF4B-00C04F79EFBC}") = "CampusSquare", "CampusSquare.csproj", "{87B7CFF0-DB9F-4708-9AF5-40B14986E6EF}"
EndProject
Global
	GlobalSection(SolutionConfigurationPlatforms) = preSolution
		Debug|Any CPU = Debug|Any CPU
		Release|Any CPU = Release|Any CPU
	EndGlobalSection
	GlobalSection(ProjectConfigurationPlatforms) = postSolution
		{87B7CFF0-DB9F-4708-9AF5-40B14986E6EF}.Debug|Any CPU.ActiveCfg = Debug|Any CPU
		{87B7CFF0-DB9F-4708-9AF5-40B14986E6EF}.Debug|Any CPU.Build.0 = Debug|Any CPU
		{87B7CFF0-DB9F-4708-9AF5-40B14986E6EF}.Release|Any CPU.ActiveCfg = Release|Any CPU
		{87B7CFF0-DB9F-4708-9AF5-40B14986E6EF}.Release|Any CPU.Build.0 = Release|Any CPU
	EndGlobalSection
	GlobalSection(SolutionProperties) = preSolution
		HideSolutionNode = FALSE
	EndGlobalSection
EndGlobal
